lockfileVersion: '9.0'

settings:
  autoInstallPeers: true
  excludeLinksFromLockfile: false

importers:

  .:
    devDependencies:
      '@swc-node/register':
        specifier: ^1.10.9
        version: 1.10.9(@swc/core@1.7.5)(@swc/types@0.1.12)(typescript@5.5.4)

packages:

  '@emnapi/core@1.2.0':
    resolution: {integrity: sha512-E7Vgw78I93we4ZWdYCb4DGAwRROGkMIXk7/y87UmANR+J6qsWusmC3gLt0H+O0KOt5e6O38U8oJamgbudrES/w==}

  '@emnapi/runtime@1.2.0':
    resolution: {integrity: sha512-bV21/9LQmcQeCPEg3BDFtvwL6cwiTMksYNWQQ4KOxCZikEGalWtenoZ0wCiukJINlGCIi2KXx01g4FoH/LxpzQ==}

  '@emnapi/wasi-threads@1.0.1':
    resolution: {integrity: sha512-iIBu7mwkq4UQGeMEM8bLwNK962nXdhodeScX4slfQnRhEMMzvYivHhutCIk8uojvmASXXPC2WNEjwxFWk72Oqw==}

  '@napi-rs/wasm-runtime@0.2.4':
    resolution: {integrity: sha512-9zESzOO5aDByvhIAsOy9TbpZ0Ur2AJbUI7UT73kcUTS2mxAMHOBaa1st/jAymNoCtvrit99kkzT1FZuXVcgfIQ==}

  '@oxc-resolver/binding-darwin-arm64@1.10.2':
    resolution: {integrity: sha512-aOCZYXqmFL+2sXlaVkYbAOtICGGeTFtmdul8OimQfOXHJods6YHJ2nR6+rEeBcJzaXyXPP18ne1IsEc4AYL1IA==}
    cpu: [arm64]
    os: [darwin]

  '@oxc-resolver/binding-darwin-x64@1.10.2':
    resolution: {integrity: sha512-6WD7lHGkoduFZfUgnC2suKOlqttQRKxWsiVXiiGPu3mfXvQAhMd/gekuH1t8vOhFlPJduaww15n5UB0bSjCK+w==}
    cpu: [x64]
    os: [darwin]

  '@oxc-resolver/binding-freebsd-x64@1.10.2':
    resolution: {integrity: sha512-nEqHWx/Ot5p7Mafj8qH6vFlLSvHjECxAcZwhnAMqRuQu1NgXC/QM3emkdhVGy7QJgsxZbHpPaF6TERNf5/NL9Q==}
    cpu: [x64]
    os: [freebsd]

  '@oxc-resolver/binding-linux-arm-gnueabihf@1.10.2':
    resolution: {integrity: sha512-+AlZI0fPnpfArh8aC5k2295lmQrxa2p8gBLxC3buvCkz0ZpbVLxyyAXz3J2jGwJnmc5MUPLEqPYw6ZlAGH4XHA==}
    cpu: [arm]
    os: [linux]

  '@oxc-resolver/binding-linux-arm64-gnu@1.10.2':
    resolution: {integrity: sha512-8fZ8NszFaUZaoA8eUwkF2lHjgUs76aFiewWgG/cjcZmwKp+ErZQLW8eOvIWZ4SohHQ+ScvhVsSaU2PU38c88gw==}
    cpu: [arm64]
    os: [linux]

  '@oxc-resolver/binding-linux-arm64-musl@1.10.2':
    resolution: {integrity: sha512-oPrLICrw96Ym9n04FWXWGkbkpF6qJtZ57JSnqI3oQ24xHTt4iWyjHKHQO46NbJAK9sFb3Qce4BzV8faDI5Rifg==}
    cpu: [arm64]
    os: [linux]

  '@oxc-resolver/binding-linux-x64-gnu@1.10.2':
    resolution: {integrity: sha512-eli74jTAUiIfqi8IPFqiPxQS69Alcr6w/IFRyf3XxrkxeFGgcgxJkRIxWNTKJ6T3EXxjuma+49LdZn6l9rEj7A==}
    cpu: [x64]
    os: [linux]

  '@oxc-resolver/binding-linux-x64-musl@1.10.2':
    resolution: {integrity: sha512-HH9zmjNSQo3rkbqJH5nIjGrtjC+QPrUy0KGGMR/oRCSLuD0cNFJ/Uly1XAugwSm4oEw0+rv6PmeclXmVTKsxhw==}
    cpu: [x64]
    os: [linux]

  '@oxc-resolver/binding-wasm32-wasi@1.10.2':
    resolution: {integrity: sha512-3ItX23q33sfVBtMMdMhVDSe0NX5zBHxHfmFiXhSJuwNaVIwGpLFU7WU2nmq9oNdnmTOvjL8vlhOqiGvumBLlRA==}
    engines: {node: '>=14.0.0'}
    cpu: [wasm32]

  '@oxc-resolver/binding-win32-arm64-msvc@1.10.2':
    resolution: {integrity: sha512-aVoj2V+jmQ1N+lVy9AhaLmzssJM0lcKt8D0UL83aNLZJ5lSN7hgBuUXTVmL+VF268f167khjo38z+fbELDVm8Q==}
    cpu: [arm64]
    os: [win32]

  '@oxc-resolver/binding-win32-x64-msvc@1.10.2':
    resolution: {integrity: sha512-l8BDQWyP0Piw8hlmYPUqTRKLsq+ceG9h+9p6ZrjNzwW9AmJX7T7T2hgoVVHqS6f4WNA/CFkb3RyZP9QTzNkyyA==}
    cpu: [x64]
    os: [win32]

  '@swc-node/core@1.13.3':
    resolution: {integrity: sha512-OGsvXIid2Go21kiNqeTIn79jcaX4l0G93X2rAnas4LFoDyA9wAwVK7xZdm+QsKoMn5Mus2yFLCc4OtX2dD/PWA==}
    engines: {node: '>= 10'}
    peerDependencies:
      '@swc/core': '>= 1.4.13'
      '@swc/types': '>= 0.1'

  '@swc-node/register@1.10.9':
    resolution: {integrity: sha512-iXy2sjP0phPEpK2yivjRC3PAgoLaT4sjSk0LDWCTdcTBJmR4waEog0E6eJbvoOkLkOtWw37SB8vCkl/bbh4+8A==}
    peerDependencies:
      '@swc/core': '>= 1.4.13'
      typescript: '>= 4.3'

  '@swc-node/sourcemap-support@0.5.1':
    resolution: {integrity: sha512-JxIvIo/Hrpv0JCHSyRpetAdQ6lB27oFYhv0PKCNf1g2gUXOjpeR1exrXccRxLMuAV5WAmGFBwRnNOJqN38+qtg==}

  '@swc/core-darwin-arm64@1.7.5':
    resolution: {integrity: sha512-Y+bvW9C4/u26DskMbtQKT4FU6QQenaDYkKDi028vDIKAa7v1NZqYG9wmhD/Ih7n5EUy2uJ5I5EWD7WaoLzT6PA==}
    engines: {node: '>=10'}
    cpu: [arm64]
    os: [darwin]

  '@swc/core-darwin-x64@1.7.5':
    resolution: {integrity: sha512-AuIbDlcaAhYS6mtF4UqvXgrLeAfXZbVf4pgtgShPbutF80VbCQiIB55zOFz5aZdCpsBVuCWcBq0zLneK+VQKkQ==}
    engines: {node: '>=10'}
    cpu: [x64]
    os: [darwin]

  '@swc/core-linux-arm-gnueabihf@1.7.5':
    resolution: {integrity: sha512-99uBPHITRqgGwCXAjHY94VaV3Z40+D2NQNgR1t6xQpO8ZnevI6YSzX6GVZfBnV7+7oisiGkrVEwfIRRa+1s8FA==}
    engines: {node: '>=10'}
    cpu: [arm]
    os: [linux]

  '@swc/core-linux-arm64-gnu@1.7.5':
    resolution: {integrity: sha512-xHL3Erlz+OGGCG4h6K2HWiR56H5UYMuBWWPbbUufi2bJpfhuKQy/X3vWffwL8ZVfJmCUwr4/G91GHcm32uYzRg==}
    engines: {node: '>=10'}
    cpu: [arm64]
    os: [linux]

  '@swc/core-linux-arm64-musl@1.7.5':
    resolution: {integrity: sha512-5ArGdqvFMszNHdi4a67vopeYq8d1K+FuTWDrblHrAvZFhAyv+GQz2PnKqYOgl0sWmQxsNPfNwBFtxACpUO3Jzg==}
    engines: {node: '>=10'}
    cpu: [arm64]
    os: [linux]

  '@swc/core-linux-x64-gnu@1.7.5':
    resolution: {integrity: sha512-mSVVV/PFzCGtI1nVQQyx34NwCMgSurF6ZX/me8pUAX054vsE/pSFL66xN+kQOe/1Z/LOd4UmXFkZ/EzOSnYcSg==}
    engines: {node: '>=10'}
    cpu: [x64]
    os: [linux]

  '@swc/core-linux-x64-musl@1.7.5':
    resolution: {integrity: sha512-09hY3ZKMUORXVunESKS9yuP78+gQbr759GKHo8wyCdtAx8lCZdEjfI5NtC7/1VqwfeE32/U6u+5MBTVhZTt0AA==}
    engines: {node: '>=10'}
    cpu: [x64]
    os: [linux]

  '@swc/core-win32-arm64-msvc@1.7.5':
    resolution: {integrity: sha512-B/UDtPI3RlYRFW42xQxOpl6kI/9LtkD7No+XeRIKQTPe15EP2o+rUlv7CmKljVBXgJ8KmaQbZlaEh1YP+QZEEQ==}
    engines: {node: '>=10'}
    cpu: [arm64]
    os: [win32]

  '@swc/core-win32-ia32-msvc@1.7.5':
    resolution: {integrity: sha512-BgLesVGmIY6Nub/sURqtSRvWYcbCE/ACfuZB3bZHVKD6nsZJJuOpdB8oC41fZPyc8yZUzL3XTBIifkT2RP+w9w==}
    engines: {node: '>=10'}
    cpu: [ia32]
    os: [win32]

  '@swc/core-win32-x64-msvc@1.7.5':
    resolution: {integrity: sha512-CnF557tidLfQRPczcqDJ8x+LBQYsFa0Ra6w2+YU1iFUboaI2jJVuqt3vEChu80y6JiRIBAaaV2L/GawDJh1dIQ==}
    engines: {node: '>=10'}
    cpu: [x64]
    os: [win32]

  '@swc/core@1.7.5':
    resolution: {integrity: sha512-qKK0/Ta4qvxs/ok3XyYVPT7OBenwRn1sSINf1cKQTBHPqr7U/uB4k2GTl6JgEs8H4PiJrMTNWfMLTucIoVSfAg==}
    engines: {node: '>=10'}
    peerDependencies:
      '@swc/helpers': '*'
    peerDependenciesMeta:
      '@swc/helpers':
        optional: true

  '@swc/counter@0.1.3':
    resolution: {integrity: sha512-e2BR4lsJkkRlKZ/qCHPw9ZaSxc0MVUd7gtbtaB7aMvHeJVYe8sOB8DBZkP2DtISHGSku9sCK6T6cnY0CtXrOCQ==}

  '@swc/types@0.1.12':
    resolution: {integrity: sha512-wBJA+SdtkbFhHjTMYH+dEH1y4VpfGdAc2Kw/LK09i9bXd/K6j6PkDcFCEzb6iVfZMkPRrl/q0e3toqTAJdkIVA==}

  '@tybys/wasm-util@0.9.0':
    resolution: {integrity: sha512-6+7nlbMVX/PVDCwaIQ8nTOPveOcFLSt8GcXdx8hD0bt39uWxYT88uXzqTd4fTvqta7oeUJqudepapKNt2DYJFw==}

  buffer-from@1.1.2:
    resolution: {integrity: sha512-E+XQCRwSbaaiChtv6k6Dwgc+bx+Bs6vuKJHHl5kox/BaKbhiXzqQOwK4cO22yElGp2OCmjwVhT3HmxgyPGnJfQ==}

  colorette@2.0.20:
    resolution: {integrity: sha512-IfEDxwoWIjkeXL1eXcDiow4UbKjhLdq6/EuSVR9GMN7KVH3r9gQ83e73hsz1Nd1T3ijd5xv1wcWRYO+D6kCI2w==}

  debug@4.3.6:
    resolution: {integrity: sha512-O/09Bd4Z1fBrU4VzkhFqVgpPzaGbw6Sm9FEkBT1A/YBXQFGuuSxa1dN2nxgxS34JmKXqYx8CZAwEVoJFImUXIg==}
    engines: {node: '>=6.0'}
    peerDependencies:
      supports-color: '*'
    peerDependenciesMeta:
      supports-color:
        optional: true

  ms@2.1.2:
    resolution: {integrity: sha512-sGkPx+VjMtmA6MX27oA4FBFELFCZZ4S4XqeGOXCv68tT+jb3vk/RyaKWP0PTKyWtmLSM0b+adUTEvbs1PEaH2w==}

  oxc-resolver@1.10.2:
    resolution: {integrity: sha512-NIbwVqoU8Bhl7PVtItHCg+VFFokIDwBgIgFUwFG2Y8ePhxftFh5xG+KLar5PLWXlCP4WunPIuXD3jr3v6/MfRw==}

  pirates@4.0.6:
    resolution: {integrity: sha512-saLsH7WeYYPiD25LDuLRRY/i+6HaPYr6G1OUlN39otzkSTxKnubR9RTxS3/Kk50s1g2JTgFwWQDQyplC5/SHZg==}
    engines: {node: '>= 6'}

  source-map-support@0.5.21:
    resolution: {integrity: sha512-uBHU3L3czsIyYXKX88fdrGovxdSCoTGDRZ6SYXtSRxLZUzHg5P/66Ht6uoUlHu9EZod+inXhKo3qQgwXUT/y1w==}

  source-map@0.6.1:
    resolution: {integrity: sha512-UjgapumWlbMhkBgzT7Ykc5YXUT46F0iKu8SGXq0bcwP5dz/h0Plj6enJqjz1Zbq2l5WaqYnrVbwWOWMyF3F47g==}
    engines: {node: '>=0.10.0'}

  tslib@2.6.3:
    resolution: {integrity: sha512-xNvxJEOUiWPGhUuUdQgAJPKOOJfGnIyKySOc09XkKsgdUV/3E2zvwZYdejjmRgPCgcym1juLH3226yA7sEFJKQ==}

  typescript@5.5.4:
    resolution: {integrity: sha512-Mtq29sKDAEYP7aljRgtPOpTvOfbwRWlS6dPRzwjdE+C0R4brX/GUyhHSecbHMFLNBLcJIPt9nl9yG5TZ1weH+Q==}
    engines: {node: '>=14.17'}
    hasBin: true

snapshots:

  '@emnapi/core@1.2.0':
    dependencies:
      '@emnapi/wasi-threads': 1.0.1
      tslib: 2.6.3
    optional: true

  '@emnapi/runtime@1.2.0':
    dependencies:
      tslib: 2.6.3
    optional: true

  '@emnapi/wasi-threads@1.0.1':
    dependencies:
      tslib: 2.6.3
    optional: true

  '@napi-rs/wasm-runtime@0.2.4':
    dependencies:
      '@emnapi/core': 1.2.0
      '@emnapi/runtime': 1.2.0
      '@tybys/wasm-util': 0.9.0
    optional: true

  '@oxc-resolver/binding-darwin-arm64@1.10.2':
    optional: true

  '@oxc-resolver/binding-darwin-x64@1.10.2':
    optional: true

  '@oxc-resolver/binding-freebsd-x64@1.10.2':
    optional: true

  '@oxc-resolver/binding-linux-arm-gnueabihf@1.10.2':
    optional: true

  '@oxc-resolver/binding-linux-arm64-gnu@1.10.2':
    optional: true

  '@oxc-resolver/binding-linux-arm64-musl@1.10.2':
    optional: true

  '@oxc-resolver/binding-linux-x64-gnu@1.10.2':
    optional: true

  '@oxc-resolver/binding-linux-x64-musl@1.10.2':
    optional: true

  '@oxc-resolver/binding-wasm32-wasi@1.10.2':
    dependencies:
      '@napi-rs/wasm-runtime': 0.2.4
    optional: true

  '@oxc-resolver/binding-win32-arm64-msvc@1.10.2':
    optional: true

  '@oxc-resolver/binding-win32-x64-msvc@1.10.2':
    optional: true

  '@swc-node/core@1.13.3(@swc/core@1.7.5)(@swc/types@0.1.12)':
    dependencies:
      '@swc/core': 1.7.5
      '@swc/types': 0.1.12

  '@swc-node/register@1.10.9(@swc/core@1.7.5)(@swc/types@0.1.12)(typescript@5.5.4)':
    dependencies:
      '@swc-node/core': 1.13.3(@swc/core@1.7.5)(@swc/types@0.1.12)
      '@swc-node/sourcemap-support': 0.5.1
      '@swc/core': 1.7.5
      colorette: 2.0.20
      debug: 4.3.6
      oxc-resolver: 1.10.2
      pirates: 4.0.6
      tslib: 2.6.3
      typescript: 5.5.4
    transitivePeerDependencies:
      - '@swc/types'
      - supports-color

  '@swc-node/sourcemap-support@0.5.1':
    dependencies:
      source-map-support: 0.5.21
      tslib: 2.6.3

  '@swc/core-darwin-arm64@1.7.5':
    optional: true

  '@swc/core-darwin-x64@1.7.5':
    optional: true

  '@swc/core-linux-arm-gnueabihf@1.7.5':
    optional: true

  '@swc/core-linux-arm64-gnu@1.7.5':
    optional: true

  '@swc/core-linux-arm64-musl@1.7.5':
    optional: true

  '@swc/core-linux-x64-gnu@1.7.5':
    optional: true

  '@swc/core-linux-x64-musl@1.7.5':
    optional: true

  '@swc/core-win32-arm64-msvc@1.7.5':
    optional: true

  '@swc/core-win32-ia32-msvc@1.7.5':
    optional: true

  '@swc/core-win32-x64-msvc@1.7.5':
    optional: true

  '@swc/core@1.7.5':
    dependencies:
      '@swc/counter': 0.1.3
      '@swc/types': 0.1.12
    optionalDependencies:
      '@swc/core-darwin-arm64': 1.7.5
      '@swc/core-darwin-x64': 1.7.5
      '@swc/core-linux-arm-gnueabihf': 1.7.5
      '@swc/core-linux-arm64-gnu': 1.7.5
      '@swc/core-linux-arm64-musl': 1.7.5
      '@swc/core-linux-x64-gnu': 1.7.5
      '@swc/core-linux-x64-musl': 1.7.5
      '@swc/core-win32-arm64-msvc': 1.7.5
      '@swc/core-win32-ia32-msvc': 1.7.5
      '@swc/core-win32-x64-msvc': 1.7.5

  '@swc/counter@0.1.3': {}

  '@swc/types@0.1.12':
    dependencies:
      '@swc/counter': 0.1.3

  '@tybys/wasm-util@0.9.0':
    dependencies:
      tslib: 2.6.3
    optional: true

  buffer-from@1.1.2: {}

  colorette@2.0.20: {}

  debug@4.3.6:
    dependencies:
      ms: 2.1.2

  ms@2.1.2: {}

  oxc-resolver@1.10.2:
    optionalDependencies:
      '@oxc-resolver/binding-darwin-arm64': 1.10.2
      '@oxc-resolver/binding-darwin-x64': 1.10.2
      '@oxc-resolver/binding-freebsd-x64': 1.10.2
      '@oxc-resolver/binding-linux-arm-gnueabihf': 1.10.2
      '@oxc-resolver/binding-linux-arm64-gnu': 1.10.2
      '@oxc-resolver/binding-linux-arm64-musl': 1.10.2
      '@oxc-resolver/binding-linux-x64-gnu': 1.10.2
      '@oxc-resolver/binding-linux-x64-musl': 1.10.2
      '@oxc-resolver/binding-wasm32-wasi': 1.10.2
      '@oxc-resolver/binding-win32-arm64-msvc': 1.10.2
      '@oxc-resolver/binding-win32-x64-msvc': 1.10.2

  pirates@4.0.6: {}

  source-map-support@0.5.21:
    dependencies:
      buffer-from: 1.1.2
      source-map: 0.6.1

  source-map@0.6.1: {}

  tslib@2.6.3: {}

  typescript@5.5.4: {}
